
Microsoft Visual Studio Solution File, Format Version 12.00
# Visual Studio Version 16
VisualStudioVersion = 16.0.30608.117
MinimumVisualStudioVersion = 10.0.40219.1
Project("{9A19103F-16F7-4668-BE54-9A1E7A4F7556}") = "BlazorAPP", "BlazorAPP\BlazorAPP.csproj", "{BEDAB630-A7E4-4B46-99EB-F35E8F171BA2}"
EndProject
Global
	GlobalSection(SolutionConfigurationPlatforms) = preSolution
		Debug|Any CPU = Debug|Any CPU
		Release|Any CPU = Release|Any CPU
	EndGlobalSection
	GlobalSection(ProjectConfigurationPlatforms) = postSolution
		{BEDAB630-A7E4-4B46-99EB-F35E8F171BA2}.Debug|Any CPU.ActiveCfg = Debug|Any CPU
		{BEDAB630-A7E4-4B46-99EB-F35E8F171BA2}.Debug|Any CPU.Build.0 = Debug|Any CPU
		{BEDAB630-A7E4-4B46-99EB-F35E8F171BA2}.Release|Any CPU.ActiveCfg = Release|Any CPU
		{BEDAB630-A7E4-4B46-99EB-F35E8F171BA2}.Release|Any CPU.Build.0 = Release|Any CPU
	EndGlobalSection
	GlobalSection(SolutionProperties) = preSolution
		HideSolutionNode = FALSE
	EndGlobalSection
	GlobalSection(ExtensibilityGlobals) = postSolution
		SolutionGuid = {5A5A5EE4-CCEF-4D83-AF70-C725A350853C}
	EndGlobalSection
EndGlobal
